# @generated - this file is auto-generated by `mise lock` https://mise.en.dev/dev-tools/mise-lock.html

[[tools.act]]
version = "0.2.89"
backend = "aqua:nektos/act"

[tools.act."platforms.linux-arm64"]
checksum = "sha256:daa8679ba9615a74d2d0cec321dc593f21948a2a11bb65862b063d8b930f4bcb"
url = "https://github.com/nektos/act/releases/download/v0.2.89/act_Linux_arm64.tar.gz"

[tools.act."platforms.linux-arm64-musl"]
checksum = "sha256:daa8679ba9615a74d2d0cec321dc593f21948a2a11bb65862b063d8b930f4bcb"
url = "https://github.com/nektos/act/releases/download/v0.2.89/act_Linux_arm64.tar.gz"

[tools.act."platforms.linux-x64"]
checksum = "sha256:0191d6f1f3b716b5c55820032605d05fc3c1cdbf581ebeff655019e5dd1524c0"
url = "https://github.com/nektos/act/releases/download/v0.2.89/act_Linux_x86_64.tar.gz"

[tools.act."platforms.linux-x64-musl"]
checksum = "sha256:0191d6f1f3b716b5c55820032605d05fc3c1cdbf581ebeff655019e5dd1524c0"
url = "https://github.com/nektos/act/releases/download/v0.2.89/act_Linux_x86_64.tar.gz"

[tools.act."platforms.macos-arm64"]
checksum = "sha256:48ae218af96725f7635a66de2b87e1e346893b02add0f16b92f560296b2151fc"
url = "https://github.com/nektos/act/releases/download/v0.2.89/act_Darwin_arm64.tar.gz"

[tools.act."platforms.macos-x64"]
checksum = "sha256:41b31488e7c254baec31cce12c7dade3e35973b8a31b9486206ad43f233d814e"
url = "https://github.com/nektos/act/releases/download/v0.2.89/act_Darwin_x86_64.tar.gz"

[tools.act."platforms.windows-x64"]
checksum = "sha256:0f8cf866ad7e32421a219fc551a0a0ea5d12ead464de12ebfeafd334a5973b50"
url = "https://github.com/nektos/act/releases/download/v0.2.89/act_Windows_x86_64.zip"

[[tools.adr-tools]]
version = "3.0.0"
backend = "aqua:npryce/adr-tools"

[tools.adr-tools."platforms.linux-arm64"]
url = "https://github.com/npryce/adr-tools/archive/refs/tags/3.0.0.tar.gz"

[tools.adr-tools."platforms.linux-arm64-musl"]
url = "https://github.com/npryce/adr-tools/archive/refs/tags/3.0.0.tar.gz"

[tools.adr-tools."platforms.linux-x64"]
url = "https://github.com/npryce/adr-tools/archive/refs/tags/3.0.0.tar.gz"

[tools.adr-tools."platforms.linux-x64-musl"]
url = "https://github.com/npryce/adr-tools/archive/refs/tags/3.0.0.tar.gz"

[tools.adr-tools."platforms.macos-arm64"]
checksum = "blake3:1b011324e104b8957270f29fde38aae5f80a8131f7854c521c8f237233ea4d2b"
url = "https://github.com/npryce/adr-tools/archive/refs/tags/3.0.0.tar.gz"

[tools.adr-tools."platforms.macos-x64"]
url = "https://github.com/npryce/adr-tools/archive/refs/tags/3.0.0.tar.gz"

[tools.adr-tools."platforms.windows-x64"]
url = "https://github.com/npryce/adr-tools/archive/refs/tags/3.0.0.tar.gz"

[[tools.gh]]
version = "2.94.0"
backend = "aqua:cli/cli"

[tools.gh."platforms.linux-arm64"]
checksum = "sha256:705a23b70b0f1b7ba4c302fdcef392ce3edaacfa7ce8e85e4d93d72ea800a538"
url = "https://github.com/cli/cli/releases/download/v2.94.0/gh_2.94.0_linux_arm64.tar.gz"
provenance = "github-attestations"

[tools.gh."platforms.linux-arm64-musl"]
checksum = "sha256:705a23b70b0f1b7ba4c302fdcef392ce3edaacfa7ce8e85e4d93d72ea800a538"
url = "https://github.com/cli/cli/releases/download/v2.94.0/gh_2.94.0_linux_arm64.tar.gz"
provenance = "github-attestations"

[tools.gh."platforms.linux-x64"]
checksum = "sha256:a757f1ba6db18f4de8cbadb244843a5f89bc75b5e7c6fc127d2bd77fbd12ed62"
url = "https://github.com/cli/cli/releases/download/v2.94.0/gh_2.94.0_linux_amd64.tar.gz"
provenance = "github-attestations"

[tools.gh."platforms.linux-x64-musl"]
checksum = "sha256:a757f1ba6db18f4de8cbadb244843a5f89bc75b5e7c6fc127d2bd77fbd12ed62"
url = "https://github.com/cli/cli/releases/download/v2.94.0/gh_2.94.0_linux_amd64.tar.gz"
provenance = "github-attestations"

[tools.gh."platforms.macos-arm64"]
checksum = "sha256:4f9bc1a5e77500737290a307b40b4c396a4d23729f55340f2a83f414410165a1"
url = "https://github.com/cli/cli/releases/download/v2.94.0/gh_2.94.0_macOS_arm64.zip"
provenance = "github-attestations"

[tools.gh."platforms.macos-x64"]
checksum = "sha256:733ee8fa49247d27cd94a6c7384455bdecaa82172a3bcfad63ac1ecc2867251d"
url = "https://github.com/cli/cli/releases/download/v2.94.0/gh_2.94.0_macOS_amd64.zip"
provenance = "github-attestations"

[tools.gh."platforms.windows-x64"]
checksum = "sha256:c0766af54195dfa0bcd9a0cb63a45c313fbaffdebb9f736f666e9ba4be8c91e8"
url = "https://github.com/cli/cli/releases/download/v2.94.0/gh_2.94.0_windows_amd64.zip"
provenance = "github-attestations"

[[tools."github:minamijoyo/hcledit"]]
version = "0.2.18"
backend = "github:minamijoyo/hcledit"

[tools."github:minamijoyo/hcledit"."platforms.linux-arm64"]
checksum = "sha256:e3a3773836d911170ef69d0d3ff8a3be02a37aed2eeece82b68e13444811907d"
url = "https://github.com/minamijoyo/hcledit/releases/download/v0.2.18/hcledit_0.2.18_linux_arm64.tar.gz"
url_api = "https://api.github.com/repos/minamijoyo/hcledit/releases/assets/412772779"
provenance = "github-attestations"

[tools."github:minamijoyo/hcledit"."platforms.linux-arm64-musl"]
checksum = "sha256:e3a3773836d911170ef69d0d3ff8a3be02a37aed2eeece82b68e13444811907d"
url = "https://github.com/minamijoyo/hcledit/releases/download/v0.2.18/hcledit_0.2.18_linux_arm64.tar.gz"
url_api = "https://api.github.com/repos/minamijoyo/hcledit/releases/assets/412772779"
provenance = "github-attestations"

[tools."github:minamijoyo/hcledit"."platforms.linux-x64"]
checksum = "sha256:5974db4486a7e7ecbcbce8b96cb77051419575858d0fc97d73af536b18baabe7"
url = "https://github.com/minamijoyo/hcledit/releases/download/v0.2.18/hcledit_0.2.18_linux_amd64.tar.gz"
url_api = "https://api.github.com/repos/minamijoyo/hcledit/releases/assets/412772780"
provenance = "github-attestations"

[tools."github:minamijoyo/hcledit"."platforms.linux-x64-musl"]
checksum = "sha256:5974db4486a7e7ecbcbce8b96cb77051419575858d0fc97d73af536b18baabe7"
url = "https://github.com/minamijoyo/hcledit/releases/download/v0.2.18/hcledit_0.2.18_linux_amd64.tar.gz"
url_api = "https://api.github.com/repos/minamijoyo/hcledit/releases/assets/412772780"
provenance = "github-attestations"

[tools."github:minamijoyo/hcledit"."platforms.macos-arm64"]
checksum = "sha256:164ccf392602b332116e7b3344b87ff25237a627144701d02c6d83e7c718049b"
url = "https://github.com/minamijoyo/hcledit/releases/download/v0.2.18/hcledit_0.2.18_darwin_arm64.tar.gz"
url_api = "https://api.github.com/repos/minamijoyo/hcledit/releases/assets/412772783"
provenance = "github-attestations"

[tools."github:minamijoyo/hcledit"."platforms.macos-x64"]
checksum = "sha256:52f643e9c441747dfd343164516b3e2959a79241ce42a1ac887ff55451bbe055"
url = "https://github.com/minamijoyo/hcledit/releases/download/v0.2.18/hcledit_0.2.18_darwin_amd64.tar.gz"
url_api = "https://api.github.com/repos/minamijoyo/hcledit/releases/assets/412772781"
provenance = "github-attestations"

[tools."github:minamijoyo/hcledit"."platforms.windows-x64"]
checksum = "sha256:256595df80b616bf211eceef878cef1c443a2f87f1205ae9b22f1a7c32f247cc"
url = "https://github.com/minamijoyo/hcledit/releases/download/v0.2.18/hcledit_0.2.18_windows_amd64.tar.gz"
url_api = "https://api.github.com/repos/minamijoyo/hcledit/releases/assets/412772812"
provenance = "github-attestations"

[[tools.jq]]
version = "1.8.1"
backend = "aqua:jqlang/jq"

[tools.jq."platforms.linux-arm64"]
checksum = "sha256:6bc62f25981328edd3cfcfe6fe51b073f2d7e7710d7ef7fcdac28d4e384fc3d4"
url = "https://github.com/jqlang/jq/releases/download/jq-1.8.1/jq-linux-arm64"
provenance = "github-attestations"

[tools.jq."platforms.linux-arm64-musl"]
checksum = "sha256:6bc62f25981328edd3cfcfe6fe51b073f2d7e7710d7ef7fcdac28d4e384fc3d4"
url = "https://github.com/jqlang/jq/releases/download/jq-1.8.1/jq-linux-arm64"
provenance = "github-attestations"

[tools.jq."platforms.linux-x64"]
checksum = "sha256:020468de7539ce70ef1bceaf7cde2e8c4f2ca6c3afb84642aabc5c97d9fc2a0d"
url = "https://github.com/jqlang/jq/releases/download/jq-1.8.1/jq-linux-amd64"
provenance = "github-attestations"

[tools.jq."platforms.linux-x64-musl"]
checksum = "sha256:020468de7539ce70ef1bceaf7cde2e8c4f2ca6c3afb84642aabc5c97d9fc2a0d"
url = "https://github.com/jqlang/jq/releases/download/jq-1.8.1/jq-linux-amd64"
provenance = "github-attestations"

[tools.jq."platforms.macos-arm64"]
checksum = "sha256:a9fe3ea2f86dfc72f6728417521ec9067b343277152b114f4e98d8cb0e263603"
url = "https://github.com/jqlang/jq/releases/download/jq-1.8.1/jq-macos-arm64"
provenance = "github-attestations"

[tools.jq."platforms.macos-x64"]
checksum = "sha256:e80dbe0d2a2597e3c11c404f03337b981d74b4a8504b70586c354b7697a7c27f"
url = "https://github.com/jqlang/jq/releases/download/jq-1.8.1/jq-macos-amd64"
provenance = "github-attestations"

[tools.jq."platforms.windows-x64"]
checksum = "sha256:23cb60a1354eed6bcc8d9b9735e8c7b388cd1fdcb75726b93bc299ef22dd9334"
url = "https://github.com/jqlang/jq/releases/download/jq-1.8.1/jq-windows-amd64.exe"
provenance = "github-attestations"

[[tools."pipx:keyring"]]
version = "25.7.0"
backend = "pipx:keyring"

[tools."pipx:keyring".options]
uvx_args = "--with keyrings.google-artifactregistry-auth"

[[tools.python]]
version = "3.14.3"
backend = "core:python"

[tools.python."platforms.linux-arm64"]
checksum = "sha256:53700338695e402a1a1fe22be4a41fbdacc70e22bb308a48eca8ed67cb7992be"
url = "https://github.com/astral-sh/python-build-standalone/releases/download/20260324/cpython-3.14.3+20260324-aarch64-unknown-linux-gnu-install_only_stripped.tar.gz"
provenance = "github-attestations"

[tools.python."platforms.linux-arm64-musl"]
checksum = "sha256:7e7aac764cfaba6f412cf7417cc34c69e623cd40d39c78435946ca1a4bc52b14"
url = "https://github.com/astral-sh/python-build-standalone/releases/download/20260324/cpython-3.14.3+20260324-aarch64-unknown-linux-musl-install_only_stripped.tar.gz"
provenance = "github-attestations"

[tools.python."platforms.linux-x64"]
checksum = "sha256:d7a9f970914bb4c88756fe3bdcc186d4feb90e9500e54f1db47dae4dc9687e39"
url = "https://github.com/astral-sh/python-build-standalone/releases/download/20260324/cpython-3.14.3+20260324-x86_64-unknown-linux-gnu-install_only_stripped.tar.gz"
provenance = "github-attestations"

[tools.python."platforms.linux-x64-musl"]
checksum = "sha256:c977de62ccfe09a63014546ad1e5c95f157a11594be65df302a88cdcae96fbe7"
url = "https://github.com/astral-sh/python-build-standalone/releases/download/20260324/cpython-3.14.3+20260324-x86_64-unknown-linux-musl-install_only_stripped.tar.gz"
provenance = "github-attestations"

[tools.python."platforms.macos-arm64"]
checksum = "sha256:c43aecde4a663aebff99b9b83da0efec506479f1c3f98331442f33d2c43501f9"
url = "https://github.com/astral-sh/python-build-standalone/releases/download/20260324/cpython-3.14.3+20260324-aarch64-apple-darwin-install_only_stripped.tar.gz"
provenance = "github-attestations"

[tools.python."platforms.macos-x64"]
checksum = "sha256:9ab41dbc2f100a2a45d1833b9c11165f51051c558b5213eda9a9731d5948a0c0"
url = "https://github.com/astral-sh/python-build-standalone/releases/download/20260324/cpython-3.14.3+20260324-x86_64-apple-darwin-install_only_stripped.tar.gz"
provenance = "github-attestations"

[tools.python."platforms.windows-x64"]
checksum = "sha256:bbe19034b35b0267176a7442575ae7dc6343480fd4d35598cb7700173d431e09"
url = "https://github.com/astral-sh/python-build-standalone/releases/download/20260324/cpython-3.14.3+20260324-x86_64-pc-windows-msvc-install_only_stripped.tar.gz"
provenance = "github-attestations"

[[tools.trivy]]
version = "0.71.0"
backend = "aqua:aquasecurity/trivy"

[tools.trivy."platforms.linux-arm64"]
checksum = "sha256:2561be394a3199c911f82fced606cbc05e1cb23eb6ce1da6935540adb76f4252"
url = "https://github.com/aquasecurity/trivy/releases/download/v0.71.0/trivy_0.71.0_Linux-ARM64.tar.gz"
provenance = "cosign"

[tools.trivy."platforms.linux-arm64-musl"]
checksum = "sha256:2561be394a3199c911f82fced606cbc05e1cb23eb6ce1da6935540adb76f4252"
url = "https://github.com/aquasecurity/trivy/releases/download/v0.71.0/trivy_0.71.0_Linux-ARM64.tar.gz"
provenance = "cosign"

[tools.trivy."platforms.linux-x64"]
checksum = "sha256:30a3d22b23f88c233f1658f562fb477cae3b3e8b4761109d515b7698daf85814"
url = "https://github.com/aquasecurity/trivy/releases/download/v0.71.0/trivy_0.71.0_Linux-64bit.tar.gz"
provenance = "cosign"

[tools.trivy."platforms.linux-x64-musl"]
checksum = "sha256:30a3d22b23f88c233f1658f562fb477cae3b3e8b4761109d515b7698daf85814"
url = "https://github.com/aquasecurity/trivy/releases/download/v0.71.0/trivy_0.71.0_Linux-64bit.tar.gz"
provenance = "cosign"

[tools.trivy."platforms.macos-arm64"]
checksum = "sha256:95d4e896b120816edd0995a2df8adca26a8621b7bf62036a89b1d54a7b718a74"
url = "https://github.com/aquasecurity/trivy/releases/download/v0.71.0/trivy_0.71.0_macOS-ARM64.tar.gz"
provenance = "cosign"

[tools.trivy."platforms.macos-x64"]
checksum = "sha256:4558afb13d017615ca85011901caab78b4f09196e320b05a56c9fdc5615a1428"
url = "https://github.com/aquasecurity/trivy/releases/download/v0.71.0/trivy_0.71.0_macOS-64bit.tar.gz"
provenance = "cosign"

[tools.trivy."platforms.windows-x64"]
checksum = "sha256:382250158fb9431ff9b87904205027b066a544234b8952b2dd764bd712d55387"
url = "https://github.com/aquasecurity/trivy/releases/download/v0.71.0/trivy_0.71.0_windows-64bit.zip"
provenance = "cosign"

[[tools.uv]]
version = "0.11.21"
backend = "aqua:astral-sh/uv"

[tools.uv."platforms.linux-arm64"]
checksum = "sha256:e71badaed2a2c3a404a0a00974b51c7ed5f5bc7be947916846005b739c68a5a2"
url = "https://github.com/astral-sh/uv/releases/download/0.11.21/uv-aarch64-unknown-linux-musl.tar.gz"
provenance = "github-attestations"

[tools.uv."platforms.linux-arm64-musl"]
checksum = "sha256:e71badaed2a2c3a404a0a00974b51c7ed5f5bc7be947916846005b739c68a5a2"
url = "https://github.com/astral-sh/uv/releases/download/0.11.21/uv-aarch64-unknown-linux-musl.tar.gz"
provenance = "github-attestations"

[tools.uv."platforms.linux-x64"]
checksum = "sha256:9dadff5b9e7b1d2d011e41852a1cbca713d9d5d88194f2eb6bd240fa4fb0a719"
url = "https://github.com/astral-sh/uv/releases/download/0.11.21/uv-x86_64-unknown-linux-musl.tar.gz"
provenance = "github-attestations"

[tools.uv."platforms.linux-x64-musl"]
checksum = "sha256:9dadff5b9e7b1d2d011e41852a1cbca713d9d5d88194f2eb6bd240fa4fb0a719"
url = "https://github.com/astral-sh/uv/releases/download/0.11.21/uv-x86_64-unknown-linux-musl.tar.gz"
provenance = "github-attestations"

[tools.uv."platforms.macos-arm64"]
checksum = "sha256:1f921d491ba5ffeea774eb04d6681ecee379101341cbb1500394993b541bf3f4"
url = "https://github.com/astral-sh/uv/releases/download/0.11.21/uv-aarch64-apple-darwin.tar.gz"
provenance = "github-attestations"

[tools.uv."platforms.macos-x64"]
checksum = "sha256:f3c8e5708a84b920c18b691214d54d2b0da6b984789caae95d47c95120cb7765"
url = "https://github.com/astral-sh/uv/releases/download/0.11.21/uv-x86_64-apple-darwin.tar.gz"
provenance = "github-attestations"

[tools.uv."platforms.windows-x64"]
checksum = "sha256:ace861f360c6de2babedc1607d0f454b6b09a820dbc8182dc15af927e4df9589"
url = "https://github.com/astral-sh/uv/releases/download/0.11.21/uv-x86_64-pc-windows-msvc.zip"
provenance = "github-attestations"
